// !$*UTF8*$!
{
	archiveVersion = 1;
	classes = {
	};
	objectVersion = 46;
	objects = {

/* Begin PBXBuildFile section */
		94F6003A1E02585C00580A78 /* AppDelegate.swift in Sources */ = {isa = PBXBuildFile; fileRef = 94F600391E02585C00580A78 /* AppDelegate.swift */; };
		94F6003C1E02585C00580A78 /* ViewController.swift in Sources */ = {isa = PBXBuildFile; fileRef = 94F6003B1E02585C00580A78 /* ViewController.swift */; };
		94F6003F1E02585C00580A78 /* Main.storyboard in Resources */ = {isa = PBXBuildFile; fileRef = 94F6003D1E02585C00580A78 /* Main.storyboard */; };
		94F600411E02585C00580A78 /* Assets.xcassets in Resources */ = {isa = PBXBuildFile; fileRef = 94F600401E02585C00580A78 /* Assets.xcassets */; };
		94F600441E02585C00580A78 /* LaunchScreen.storyboard in Resources */ = {isa = PBXBuildFile; fileRef = 94F600421E02585C00580A78 /* LaunchScreen.storyboard */; };
		94F6004C1E0258EF00580A78 /* User.swift in Sources */ = {isa = PBXBuildFile; fileRef = 94F6004B1E0258EF00580A78 /* User.swift */; };
		94F6004E1E029A5900580A78 /* Request.swift in Sources */ = {isa = PBXBuildFile; fileRef = 94F6004D1E029A5900580A78 /* Request.swift */; };
		94F600501E029C7C00580A78 /* UserRequest.swift in Sources */ = {isa = PBXBuildFile; fileRef = 94F6004F1E029C7C00580A78 /* UserRequest.swift */; };
		94F600521E03981C00580A78 /* Client.swift in Sources */ = {isa = PBXBuildFile; fileRef = 94F600511E03981C00580A78 /* Client.swift */; };
		94F600541E039A3D00580A78 /* Decodable.swift in Sources */ = {isa = PBXBuildFile; fileRef = 94F600531E039A3D00580A78 /* Decodable.swift */; };
/* End PBXBuildFile section */

/* Begin PBXFileReference section */
		94F600361E02585C00580A78 /* NetworkModule.app */ = {isa = PBXFileReference; explicitFileType = wrapper.application; includeInIndex = 0; path = NetworkModule.app; sourceTree = BUILT_PRODUCTS_DIR; };
		94F600391E02585C00580A78 /* AppDelegate.swift */ = {isa = PBXFileReference; lastKnownFileType = sourcecode.swift; path = AppDelegate.swift; sourceTree = "<group>"; };
		94F6003B1E02585C00580A78 /* ViewController.swift */ = {isa = PBXFileReference; lastKnownFileType = sourcecode.swift; path = ViewController.swift; sourceTree = "<group>"; };
		94F6003E1E02585C00580A78 /* Base */ = {isa = PBXFileReference; lastKnownFileType = file.storyboard; name = Base; path = Base.lproj/Main.storyboard; sourceTree = "<group>"; };
		94F600401E02585C00580A78 /* Assets.xcassets */ = {isa = PBXFileReference; lastKnownFileType = folder.assetcatalog; path = Assets.xcassets; sourceTree = "<group>"; };
		94F600431E02585C00580A78 /* Base */ = {isa = PBXFileReference; lastKnownFileType = file.storyboard; name = Base; path = Base.lproj/LaunchScreen.storyboard; sourceTree = "<group>"; };
		94F600451E02585C00580A78 /* Info.plist */ = {isa = PBXFileReference; lastKnownFileType = text.plist.xml; path = Info.plist; sourceTree = "<group>"; };
		94F6004B1E0258EF00580A78 /* User.swift */ = {isa = PBXFileReference; fileEncoding = 4; lastKnownFileType = sourcecode.swift; path = User.swift; sourceTree = "<group>"; };
		94F6004D1E029A5900580A78 /* Request.swift */ = {isa = PBXFileReference; fileEncoding = 4; lastKnownFileType = sourcecode.swift; path = Request.swift; sourceTree = "<group>"; };
		94F6004F1E029C7C00580A78 /* UserRequest.swift */ = {isa = PBXFileReference; fileEncoding = 4; lastKnownFileType = sourcecode.swift; path = UserRequest.swift; sourceTree = "<group>"; };
		94F600511E03981C00580A78 /* Client.swift */ = {isa = PBXFileReference; fileEncoding = 4; lastKnownFileType = sourcecode.swift; path = Client.swift; sourceTree = "<group>"; };
		94F600531E039A3D00580A78 /* Decodable.swift */ = {isa = PBXFileReference; fileEncoding = 4; lastKnownFileType = sourcecode.swift; path = Decodable.swift; sourceTree = "<group>"; };
/* End PBXFileReference section */

/* Begin PBXFrameworksBuildPhase section */
		94F600331E02585C00580A78 /* Frameworks */ = {
			isa = PBXFrameworksBuildPhase;
			buildActionMask = 2147483647;
			files = (
			);
			runOnlyForDeploymentPostprocessing = 0;
		};
/* End PBXFrameworksBuildPhase section */

/* Begin PBXGroup section */
		94F6002D1E02585C00580A78 = {
			isa = PBXGroup;
			children = (
				94F600381E02585C00580A78 /* NetworkModule */,
				94F600371E02585C00580A78 /* Products */,
			);
			sourceTree = "<group>";
		};
		94F600371E02585C00580A78 /* Products */ = {
			isa = PBXGroup;
			children = (
				94F600361E02585C00580A78 /* NetworkModule.app */,
			);
			name = Products;
			sourceTree = "<group>";
		};
		94F600381E02585C00580A78 /* NetworkModule */ = {
			isa = PBXGroup;
			children = (
				94F600391E02585C00580A78 /* AppDelegate.swift */,
				94F6003B1E02585C00580A78 /* ViewController.swift */,
				94F6003D1E02585C00580A78 /* Main.storyboard */,
				94F600401E02585C00580A78 /* Assets.xcassets */,
				94F600421E02585C00580A78 /* LaunchScreen.storyboard */,
				94F600451E02585C00580A78 /* Info.plist */,
				94F6004B1E0258EF00580A78 /* User.swift */,
				94F6004D1E029A5900580A78 /* Request.swift */,
				94F6004F1E029C7C00580A78 /* UserRequest.swift */,
				94F600511E03981C00580A78 /* Client.swift */,
				94F600531E039A3D00580A78 /* Decodable.swift */,
			);
			path = NetworkModule;
			sourceTree = "<group>";
		};
/* End PBXGroup section */

/* Begin PBXNativeTarget section */
		94F600351E02585C00580A78 /* NetworkModule */ = {
			isa = PBXNativeTarget;
			buildConfigurationList = 94F600481E02585C00580A78 /* Build configuration list for PBXNativeTarget "NetworkModule" */;
			buildPhases = (
				94F600321E02585C00580A78 /* Sources */,
				94F600331E02585C00580A78 /* Frameworks */,
				94F600341E02585C00580A78 /* Resources */,
			);
			buildRules = (
			);
			dependencies = (
			);
			name = NetworkModule;
			productName = NetworkModule;
			productReference = 94F600361E02585C00580A78 /* NetworkModule.app */;
			productType = "com.apple.product-type.application";
		};
/* End PBXNativeTarget section */

/* Begin PBXProject section */
		94F6002E1E02585C00580A78 /* Project object */ = {
			isa = PBXProject;
			attributes = {
				LastSwiftUpdateCheck = 0810;
				LastUpgradeCheck = 0810;
				ORGANIZATIONNAME = "Jianing Zheng";
				TargetAttributes = {
					94F600351E02585C00580A78 = {
						CreatedOnToolsVersion = 8.1;
						ProvisioningStyle = Automatic;
					};
				};
			};
			buildConfigurationList = 94F600311E02585C00580A78 /* Build configuration list for PBXProject "NetworkModule" */;
			compatibilityVersion = "Xcode 3.2";
			developmentRegion = English;
			hasScannedForEncodings = 0;
			knownRegions = (
				en,
				Base,
			);
			mainGroup = 94F6002D1E02585C00580A78;
			productRefGroup = 94F600371E02585C00580A78 /* Products */;
			projectDirPath = "";
			projectRoot = "";
			targets = (
				94F600351E02585C00580A78 /* NetworkModule */,
			);
		};
/* End PBXProject section */

/* Begin PBXResourcesBuildPhase section */
		94F600341E02585C00580A78 /* Resources */ = {
			isa = PBXResourcesBuildPhase;
			buildActionMask = 2147483647;
			files = (
				94F600441E02585C00580A78 /* LaunchScreen.storyboard in Resources */,
				94F600411E02585C00580A78 /* Assets.xcassets in Resources */,
				94F6003F1E02585C00580A78 /* Main.storyboard in Resources */,
			);
			runOnlyForDeploymentPostprocessing = 0;
		};
/* End PBXResourcesBuildPhase section */

/* Begin PBXSourcesBuildPhase section */
		94F600321E02585C00580A78 /* Sources */ = {
			isa = PBXSourcesBuildPhase;
			buildActionMask = 2147483647;
			files = (
				94F6003C1E02585C00580A78 /* ViewController.swift in Sources */,
				94F6004E1E029A5900580A78 /* Request.swift in Sources */,
				94F600521E03981C00580A78 /* Client.swift in Sources */,
				94F600541E039A3D00580A78 /* Decodable.swift in Sources */,
				94F6003A1E02585C00580A78 /* AppDelegate.swift in Sources */,
				94F600501E029C7C00580A78 /* UserRequest.swift in Sources */,
				94F6004C1E0258EF00580A78 /* User.swift in Sources */,
			);
			runOnlyForDeploymentPostprocessing = 0;
		};
/* End PBXSourcesBuildPhase section */

/* Begin PBXVariantGroup section */
		94F6003D1E02585C00580A78 /* Main.storyboard */ = {
			isa = PBXVariantGroup;
			children = (
				94F6003E1E02585C00580A78 /* Base */,
			);
			name = Main.storyboard;
			sourceTree = "<group>";
		};
		94F600421E02585C00580A78 /* LaunchScreen.storyboard */ = {
			isa = PBXVariantGroup;
			children = (
				94F600431E02585C00580A78 /* Base */,
			);
			name = LaunchScreen.storyboard;
			sourceTree = "<group>";
		};
/* End PBXVariantGroup section */

/* Begin XCBuildConfiguration section */
		94F600461E02585C00580A78 /* Debug */ = {
			isa = XCBuildConfiguration;
			buildSettings = {
				ALWAYS_SEARCH_USER_PATHS = NO;
				CLANG_ANALYZER_NONNULL = YES;
				CLANG_CXX_LANGUAGE_STANDARD = "gnu++0x";
				CLANG_CXX_LIBRARY = "libc++";
				CLANG_ENABLE_MODULES = YES;
				CLANG_ENABLE_OBJC_ARC = YES;
				CLANG_WARN_BOOL_CONVERSION = YES;
				CLANG_WARN_CONSTANT_CONVERSION = YES;
				CLANG_WARN_DIRECT_OBJC_ISA_USAGE = YES_ERROR;
				CLANG_WARN_DOCUMENTATION_COMMENTS = YES;
				CLANG_WARN_EMPTY_BODY = YES;
				CLANG_WARN_ENUM_CONVERSION = YES;
				CLANG_WARN_INFINITE_RECURSION = YES;
				CLANG_WARN_INT_CONVERSION = YES;
				CLANG_WARN_OBJC_ROOT_CLASS = YES_ERROR;
				CLANG_WARN_SUSPICIOUS_MOVES = YES;
				CLANG_WARN_UNREACHABLE_CODE = YES;
				CLANG_WARN__DUPLICATE_METHOD_MATCH = YES;
				"CODE_SIGN_IDENTITY[sdk=iphoneos*]" = "iPhone Developer";
				COPY_PHASE_STRIP = NO;
				DEBUG_INFORMATION_FORMAT = dwarf;
				ENABLE_STRICT_OBJC_MSGSEND = YES;
				ENABLE_TESTABILITY = YES;
				GCC_C_LANGUAGE_STANDARD = gnu99;
				GCC_DYNAMIC_NO_PIC = NO;
				GCC_NO_COMMON_BLOCKS = YES;
				GCC_OPTIMIZATION_LEVEL = 0;
				GCC_PREPROCESSOR_DEFINITIONS = (
					"DEBUG=1",
					"$(inherited)",
				);
				GCC_WARN_64_TO_32_BIT_CONVERSION = YES;
				GCC_WARN_ABOUT_RETURN_TYPE = YES_ERROR;
				GCC_WARN_UNDECLARED_SELECTOR = YES;
				GCC_WARN_UNINITIALIZED_AUTOS = YES_AGGRESSIVE;
				GCC_WARN_UNUSED_FUNCTION = YES;
				GCC_WARN_UNUSED_VARIABLE = YES;
				IPHONEOS_DEPLOYMENT_TARGET = 10.1;
				MTL_ENABLE_DEBUG_INFO = YES;
				ONLY_ACTIVE_ARCH = YES;
				SDKROOT = iphoneos;
				SWIFT_ACTIVE_COMPILATION_CONDITIONS = DEBUG;
				SWIFT_OPTIMIZATION_LEVEL = "-Onone";
				TARGETED_DEVICE_FAMILY = "1,2";
			};
			name = Debug;
		};
		94F600471E02585C00580A78 /* Release */ = {
			isa = XCBuildConfiguration;
			buildSettings = {
				ALWAYS_SEARCH_USER_PATHS = NO;
				CLANG_ANALYZER_NONNULL = YES;
				CLANG_CXX_LANGUAGE_STANDARD = "gnu++0x";
				CLANG_CXX_LIBRARY = "libc++";
				CLANG_ENABLE_MODULES = YES;
				CLANG_ENABLE_OBJC_ARC = YES;
				CLANG_WARN_BOOL_CONVERSION = YES;
				CLANG_WARN_CONSTANT_CONVERSION = YES;
				CLANG_WARN_DIRECT_OBJC_ISA_USAGE = YES_ERROR;
				CLANG_WARN_DOCUMENTATION_COMMENTS = YES;
				CLANG_WARN_EMPTY_BODY = YES;
				CLANG_WARN_ENUM_CONVERSION = YES;
				CLANG_WARN_INFINITE_RECURSION = YES;
				CLANG_WARN_INT_CONVERSION = YES;
				CLANG_WARN_OBJC_ROOT_CLASS = YES_ERROR;
				CLANG_WARN_SUSPICIOUS_MOVES = YES;
				CLANG_WARN_UNREACHABLE_CODE = YES;
				CLANG_WARN__DUPLICATE_METHOD_MATCH = YES;
				"CODE_SIGN_IDENTITY[sdk=iphoneos*]" = "iPhone Developer";
				COPY_PHASE_STRIP = NO;
				DEBUG_INFORMATION_FORMAT = "dwarf-with-dsym";
				ENABLE_NS_ASSERTIONS = NO;
				ENABLE_STRICT_OBJC_MSGSEND = YES;
				GCC_C_LANGUAGE_STANDARD = gnu99;
				GCC_NO_COMMON_BLOCKS = YES;
				GCC_WARN_64_TO_32_BIT_CONVERSION = YES;
				GCC_WARN_ABOUT_RETURN_TYPE = YES_ERROR;
				GCC_WARN_UNDECLARED_SELECTOR = YES;
				GCC_WARN_UNINITIALIZED_AUTOS = YES_AGGRESSIVE;
				GCC_WARN_UNUSED_FUNCTION = YES;
				GCC_WARN_UNUSED_VARIABLE = YES;
				IPHONEOS_DEPLOYMENT_TARGET = 10.1;
				MTL_ENABLE_DEBUG_INFO = NO;
				SDKROOT = iphoneos;
				SWIFT_OPTIMIZATION_LEVEL = "-Owholemodule";
				TARGETED_DEVICE_FAMILY = "1,2";
				VALIDATE_PRODUCT = YES;
			};
			name = Release;
		};
		94F600491E02585C00580A78 /* Debug */ = {
			isa = XCBuildConfiguration;
			buildSettings = {
				ASSETCATALOG_COMPILER_APPICON_NAME = AppIcon;
				INFOPLIST_FILE = NetworkModule/Info.plist;
				LD_RUNPATH_SEARCH_PATHS = "$(inherited) @executable_path/Frameworks";
				PRODUCT_BUNDLE_IDENTIFIER = tw.jnzheng.NetworkModule;
				PRODUCT_NAME = "$(TARGET_NAME)";
				SWIFT_VERSION = 3.0;
			};
			name = Debug;
		};
		94F6004A1E02585C00580A78 /* Release */ = {
			isa = XCBuildConfiguration;
			buildSettings = {
				ASSETCATALOG_COMPILER_APPICON_NAME = AppIcon;
				INFOPLIST_FILE = NetworkModule/Info.plist;
				LD_RUNPATH_SEARCH_PATHS = "$(inherited) @executable_path/Frameworks";
				PRODUCT_BUNDLE_IDENTIFIER = tw.jnzheng.NetworkModule;
				PRODUCT_NAME = "$(TARGET_NAME)";
				SWIFT_VERSION = 3.0;
			};
			name = Release;
		};
/* End XCBuildConfiguration section */

/* Begin XCConfigurationList section */
		94F600311E02585C00580A78 /* Build configuration list for PBXProject "NetworkModule" */ = {
			isa = XCConfigurationList;
			buildConfigurations = (
				94F600461E02585C00580A78 /* Debug */,
				94F600471E02585C00580A78 /* Release */,
			);
			defaultConfigurationIsVisible = 0;
			defaultConfigurationName = Release;
		};
		94F600481E02585C00580A78 /* Build configuration list for PBXNativeTarget "NetworkModule" */ = {
			isa = XCConfigurationList;
			buildConfigurations = (
				94F600491E02585C00580A78 /* Debug */,
				94F6004A1E02585C00580A78 /* Release */,
			);
			defaultConfigurationIsVisible = 0;
		};
/* End XCConfigurationList section */
	};
	rootObject = 94F6002E1E02585C00580A78 /* Project object */;
}
